
Microsoft Visual Studio Solution File, Format Version 12.00
# Visual Studio Version 17
VisualStudioVersion = 17.3.32922.545
MinimumVisualStudioVersion = 10.0.40219.1
Project("{9A19103F-16F7-4668-BE54-9A1E7A4F7556}") = "Gcpe.Hub.BusinessInsights.API", "Gcpe.Hub.BusinessInsights.API\Gcpe.Hub.BusinessInsights.API.csproj", "{BDB8632D-03BB-40E1-9AA1-84409049396B}"
EndProject
Project("{FAE04EC0-301F-11D3-BF4B-00C04F79EFBC}") = "Gcpe.Hub.BusinessInsights.Test", "Gcpe.Hub.BusinessInsights.Test\Gcpe.Hub.BusinessInsights.Test.csproj", "{2FFF8D32-0BA0-46BF-8880-1C7D116978AB}"
EndProject
Global
	GlobalSection(SolutionConfigurationPlatforms) = preSolution
		Debug|Any CPU = Debug|Any CPU
		Release|Any CPU = Release|Any CPU
	EndGlobalSection
	GlobalSection(ProjectConfigurationPlatforms) = postSolution
		{BDB8632D-03BB-40E1-9AA1-84409049396B}.Debug|Any CPU.ActiveCfg = Debug|Any CPU
		{BDB8632D-03BB-40E1-9AA1-84409049396B}.Debug|Any CPU.Build.0 = Debug|Any CPU
		{BDB8632D-03BB-40E1-9AA1-84409049396B}.Release|Any CPU.ActiveCfg = Release|Any CPU
		{BDB8632D-03BB-40E1-9AA1-84409049396B}.Release|Any CPU.Build.0 = Release|Any CPU
		{2FFF8D32-0BA0-46BF-8880-1C7D116978AB}.Debug|Any CPU.ActiveCfg = Debug|Any CPU
		{2FFF8D32-0BA0-46BF-8880-1C7D116978AB}.Debug|Any CPU.Build.0 = Debug|Any CPU
		{2FFF8D32-0BA0-46BF-8880-1C7D116978AB}.Release|Any CPU.ActiveCfg = Release|Any CPU
		{2FFF8D32-0BA0-46BF-8880-1C7D116978AB}.Release|Any CPU.Build.0 = Release|Any CPU
	EndGlobalSection
	GlobalSection(SolutionProperties) = preSolution
		HideSolutionNode = FALSE
	EndGlobalSection
	GlobalSection(ExtensibilityGlobals) = postSolution
		SolutionGuid = {1D4C0955-8C7A-46CF-AF14-14119DC23DAD}
	EndGlobalSection
EndGlobal
